PATH
  remote: .
  specs:
    spree_ipay (1.0.10)
      elastic-apm (~> 4.8.0)
      httparty (>= 0.17, < 1.0)
      rack-attack (~> 6.7)
      rails (~> 8.1.2)
      spree (>= 5.0, < 6.0)

GEM
  remote: https://rubygems.org/
  specs:
    action_text-trix (2.1.18)
      railties
    actioncable (8.1.3)
      actionpack (= 8.1.3)
      activesupport (= 8.1.3)
      nio4r (~> 2.0)
      websocket-driver (>= 0.6.1)
      zeitwerk (~> 2.6)
    actionmailbox (8.1.3)
      actionpack (= 8.1.3)
      activejob (= 8.1.3)
      activerecord (= 8.1.3)
      activestorage (= 8.1.3)
      activesupport (= 8.1.3)
      mail (>= 2.8.0)
    actionmailer (8.1.3)
      actionpack (= 8.1.3)
      actionview (= 8.1.3)
      activejob (= 8.1.3)
      activesupport (= 8.1.3)
      mail (>= 2.8.0)
      rails-dom-testing (~> 2.2)
    actionpack (8.1.3)
      actionview (= 8.1.3)
      activesupport (= 8.1.3)
      nokogiri (>= 1.8.5)
      rack (>= 2.2.4)
      rack-session (>= 1.0.1)
      rack-test (>= 0.6.3)
      rails-dom-testing (~> 2.2)
      rails-html-sanitizer (~> 1.6)
      useragent (~> 0.16)
    actiontext (8.1.3)
      action_text-trix (~> 2.1.15)
      actionpack (= 8.1.3)
      activerecord (= 8.1.3)
      activestorage (= 8.1.3)
      activesupport (= 8.1.3)
      globalid (>= 0.6.0)
      nokogiri (>= 1.8.5)
    actionview (8.1.3)
      activesupport (= 8.1.3)
      builder (~> 3.1)
      erubi (~> 1.11)
      rails-dom-testing (~> 2.2)
      rails-html-sanitizer (~> 1.6)
    active_storage_validations (1.3.0)
      activejob (>= 6.1.4)
      activemodel (>= 6.1.4)
      activestorage (>= 6.1.4)
      activesupport (>= 6.1.4)
    activejob (8.1.3)
      activesupport (= 8.1.3)
      globalid (>= 0.3.6)
    activemerchant (1.137.0)
      activesupport (>= 4.2)
      builder (>= 2.1.2, < 4.0.0)
      i18n (>= 0.6.9)
      nokogiri (~> 1.4)
      rexml (~> 3.3, >= 3.3.4)
    activemodel (8.1.3)
      activesupport (= 8.1.3)
    activerecord (8.1.3)
      activemodel (= 8.1.3)
      activesupport (= 8.1.3)
      timeout (>= 0.4.0)
    activestorage (8.1.3)
      actionpack (= 8.1.3)
      activejob (= 8.1.3)
      activerecord (= 8.1.3)
      activesupport (= 8.1.3)
      marcel (~> 1.0)
    activesupport (8.1.3)
      base64
      bigdecimal
      concurrent-ruby (~> 1.0, >= 1.3.1)
      connection_pool (>= 2.2.5)
      drb
      i18n (>= 1.6, < 2)
      json
      logger (>= 1.4.2)
      minitest (>= 5.1)
      securerandom (>= 0.3)
      tzinfo (~> 2.0, >= 2.0.5)
      uri (>= 0.13.1)
    acts-as-taggable-on (13.0.0)
      activerecord (>= 7.1, < 8.2)
      zeitwerk (>= 2.4, < 3.0)
    acts_as_list (1.2.6)
      activerecord (>= 6.1)
      activesupport (>= 6.1)
    addressable (2.8.7)
      public_suffix (>= 2.0.2, < 7.0)
    any_ascii (0.3.3)
    ar_lazy_preload (2.1.1)
    ast (2.4.3)
    awesome_nested_set (3.9.0)
      activerecord (>= 4.0.0, < 8.2)
    base64 (0.3.0)
    bcrypt (3.1.22)
    benchmark (0.4.1)
    bigdecimal (3.2.2)
    builder (3.3.0)
    byebug (12.0.0)
    cancancan (3.6.1)
    capybara (3.40.0)
      addressable
      matrix
      mini_mime (>= 0.1.3)
      nokogiri (~> 1.11)
      rack (>= 1.6.0)
      rack-test (>= 0.6.3)
      regexp_parser (>= 1.5, < 3.0)
      xpath (~> 3.2)
    carmen (1.1.3)
      activesupport (>= 3.0.0)
    coderay (1.1.3)
    concurrent-ruby (1.3.5)
    connection_pool (2.5.3)
    countries (8.1.0)
      unaccent (~> 0.3)
    crack (1.0.0)
      bigdecimal
      rexml
    crass (1.0.6)
    csv (3.3.5)
    database_cleaner-active_record (2.2.1)
      activerecord (>= 5.a)
      database_cleaner-core (~> 2.0.0)
    database_cleaner-core (2.0.1)
    date (3.4.1)
    diff-lcs (1.6.2)
    domain_name (0.6.20240107)
    doorkeeper (5.9.0)
      railties (>= 5)
    drb (2.2.3)
    elastic-apm (4.8.0)
      concurrent-ruby (~> 1.0)
      http (>= 3.0)
      ruby2_keywords
    erb (5.0.1)
    erubi (1.13.1)
    factory_bot (6.2.1)
      activesupport (>= 5.0.0)
    factory_bot_rails (6.2.0)
      factory_bot (~> 6.2.0)
      railties (>= 5.0.0)
    ffaker (2.24.0)
    ffi (1.17.2)
    ffi-compiler (1.3.2)
      ffi (>= 1.15.5)
      rake
    friendly_id (5.5.1)
      activerecord (>= 4.0.0)
    friendly_id-mobility (1.0.5)
      friendly_id (>= 5.0.0, < 5.6)
      mobility (>= 1.0.1, < 2.0)
    geocoder (1.8.6)
      base64 (>= 0.1.0)
      csv (>= 3.0.0)
    globalid (1.3.0)
      activesupport (>= 6.1)
    hashdiff (1.2.0)
    highline (3.1.2)
      reline
    http (5.3.1)
      addressable (~> 2.8)
      http-cookie (~> 1.0)
      http-form_data (~> 2.2)
      llhttp-ffi (~> 0.5.0)
    http-cookie (1.0.8)
      domain_name (~> 0.5)
    http-form_data (2.3.0)
    httparty (0.24.2)
      csv
      mini_mime (>= 1.0.0)
      multi_xml (>= 0.5.2)
    i18n (1.14.7)
      concurrent-ruby (~> 1.0)
    image_processing (1.14.0)
      mini_magick (>= 4.9.5, < 6)
      ruby-vips (>= 2.0.17, < 3)
    io-console (0.8.0)
    irb (1.15.2)
      pp (>= 0.6.0)
      rdoc (>= 4.0.0)
      reline (>= 0.4.2)
    json (2.12.2)
    jsonapi-serializer (2.2.0)
      activesupport (>= 4.2)
    language_server-protocol (3.17.0.5)
    lint_roller (1.1.0)
    llhttp-ffi (0.5.1)
      ffi-compiler (~> 1.0)
      rake (~> 13.0)
    logger (1.7.0)
    loofah (2.24.1)
      crass (~> 1.0.2)
      nokogiri (>= 1.12.0)
    mail (2.9.0)
      logger
      mini_mime (>= 0.1.1)
      net-imap
      net-pop
      net-smtp
    marcel (1.1.0)
    matrix (0.4.3)
    method_source (1.1.0)
    mini_magick (5.3.1)
      logger
    mini_mime (1.1.5)
    mini_portile2 (2.8.9)
    minitest (5.27.0)
    mobility (1.3.2)
      i18n (>= 0.6.10, < 2)
      request_store (~> 1.0)
    mobility-actiontext (1.1.1)
      actiontext (>= 6.0)
      mobility (~> 1.2)
    mobility-ransack (1.2.2)
      mobility (>= 1.0.1, < 2.0)
      ransack (>= 1.8.0, < 5.0)
    monetize (1.13.0)
      money (~> 6.12)
    money (6.19.0)
      i18n (>= 0.6.4, <= 2)
    multi_xml (0.7.2)
      bigdecimal (~> 3.1)
    name_of_person (1.1.3)
      activesupport (>= 5.2.0)
    net-imap (0.6.4)
      date
      net-protocol
    net-pop (0.1.2)
      net-protocol
    net-protocol (0.2.2)
      timeout
    net-smtp (0.5.1)
      net-protocol
    nio4r (2.7.5)
    nokogiri (1.18.8)
      mini_portile2 (~> 2.8.2)
      racc (~> 1.4)
    ostruct (0.6.3)
    pagy (43.4.4)
      json
      uri
      yaml
    parallel (1.27.0)
    paranoia (3.1.0)
      activerecord (>= 7, < 8.2)
    parser (3.3.8.0)
      ast (~> 2.4.1)
      racc
    phonelib (0.10.17)
    pp (0.6.2)
      prettyprint
    prettyprint (0.2.0)
    prism (1.4.0)
    pry (0.14.2)
      coderay (~> 1.1)
      method_source (~> 1.0)
    pry-byebug (3.11.0)
      byebug (~> 12.0)
      pry (>= 0.13, < 0.16)
    psych (5.2.6)
      date
      stringio
    public_suffix (6.0.2)
    racc (1.8.1)
    rack (3.1.16)
    rack-attack (6.7.0)
      rack (>= 1.0, < 4)
    rack-session (2.1.1)
      base64 (>= 0.1.0)
      rack (>= 3.0.0)
    rack-test (2.2.0)
      rack (>= 1.3)
    rackup (2.2.1)
      rack (>= 3)
    rails (8.1.3)
      actioncable (= 8.1.3)
      actionmailbox (= 8.1.3)
      actionmailer (= 8.1.3)
      actionpack (= 8.1.3)
      actiontext (= 8.1.3)
      actionview (= 8.1.3)
      activejob (= 8.1.3)
      activemodel (= 8.1.3)
      activerecord (= 8.1.3)
      activestorage (= 8.1.3)
      activesupport (= 8.1.3)
      bundler (>= 1.15.0)
      railties (= 8.1.3)
    rails-dom-testing (2.3.0)
      activesupport (>= 5.0.0)
      minitest
      nokogiri (>= 1.6)
    rails-html-sanitizer (1.6.2)
      loofah (~> 2.21)
      nokogiri (>= 1.15.7, != 1.16.7, != 1.16.6, != 1.16.5, != 1.16.4, != 1.16.3, != 1.16.2, != 1.16.1, != 1.16.0.rc1, != 1.16.0)
    railties (8.1.3)
      actionpack (= 8.1.3)
      activesupport (= 8.1.3)
      irb (~> 1.13)
      rackup (>= 1.0.0)
      rake (>= 12.2)
      thor (~> 1.0, >= 1.2.2)
      tsort (>= 0.2)
      zeitwerk (~> 2.6)
    rainbow (3.1.1)
    rake (13.3.0)
    ransack (4.4.1)
      activerecord (>= 7.2)
      activesupport (>= 7.2)
      i18n
    rdoc (6.14.2)
      erb
      psych (>= 4.0.0)
    regexp_parser (2.10.0)
    reline (0.6.1)
      io-console (~> 0.5)
    request_store (1.7.0)
      rack (>= 1.4)
    rexml (3.4.1)
    rspec (3.13.1)
      rspec-core (~> 3.13.0)
      rspec-expectations (~> 3.13.0)
      rspec-mocks (~> 3.13.0)
    rspec-core (3.13.5)
      rspec-support (~> 3.13.0)
    rspec-expectations (3.13.5)
      diff-lcs (>= 1.2.0, < 2.0)
      rspec-support (~> 3.13.0)
    rspec-mocks (3.13.5)
      diff-lcs (>= 1.2.0, < 2.0)
      rspec-support (~> 3.13.0)
    rspec-rails (6.0.4)
      actionpack (>= 6.1)
      activesupport (>= 6.1)
      railties (>= 6.1)
      rspec-core (~> 3.12)
      rspec-expectations (~> 3.12)
      rspec-mocks (~> 3.12)
      rspec-support (~> 3.12)
    rspec-support (3.13.4)
    rubocop (1.78.0)
      json (~> 2.3)
      language_server-protocol (~> 3.17.0.2)
      lint_roller (~> 1.1.0)
      parallel (~> 1.10)
      parser (>= 3.3.0.2)
      rainbow (>= 2.2.2, < 4.0)
      regexp_parser (>= 2.9.3, < 3.0)
      rubocop-ast (>= 1.45.1, < 2.0)
      ruby-progressbar (~> 1.7)
      unicode-display_width (>= 2.4.0, < 4.0)
    rubocop-ast (1.45.1)
      parser (>= 3.3.7.2)
      prism (~> 1.4)
    rubocop-capybara (2.22.1)
      lint_roller (~> 1.1)
      rubocop (~> 1.72, >= 1.72.1)
    rubocop-factory_bot (2.27.1)
      lint_roller (~> 1.1)
      rubocop (~> 1.72, >= 1.72.1)
    rubocop-performance (1.25.0)
      lint_roller (~> 1.1)
      rubocop (>= 1.75.0, < 2.0)
      rubocop-ast (>= 1.38.0, < 2.0)
    rubocop-rails (2.32.0)
      activesupport (>= 4.2.0)
      lint_roller (~> 1.1)
      rack (>= 1.1)
      rubocop (>= 1.75.0, < 2.0)
      rubocop-ast (>= 1.44.0, < 2.0)
    rubocop-rspec (2.31.0)
      rubocop (~> 1.40)
      rubocop-capybara (~> 2.17)
      rubocop-factory_bot (~> 2.22)
      rubocop-rspec_rails (~> 2.28)
    rubocop-rspec_rails (2.29.1)
      rubocop (~> 1.61)
    ruby-oembed (0.18.1)
    ruby-progressbar (1.13.0)
    ruby-vips (2.3.0)
      ffi (~> 1.12)
      logger
    ruby2_keywords (0.0.5)
    safely_block (0.5.0)
    securerandom (0.4.1)
    spree (5.3.5)
      spree_api (= 5.3.5)
      spree_cli (= 5.3.5)
      spree_core (= 5.3.5)
    spree_api (5.3.5)
      bcrypt (~> 3.1)
      doorkeeper (~> 5.3)
      jsonapi-serializer (~> 2.1)
      pagy (~> 43.0)
      spree_core (= 5.3.5)
    spree_cli (5.3.5)
      thor (~> 1.0)
    spree_core (5.3.5)
      active_storage_validations (= 1.3.0)
      activemerchant (~> 1.67)
      acts-as-taggable-on
      acts_as_list (>= 0.8)
      any_ascii (~> 0.3.2)
      ar_lazy_preload (~> 2.0)
      awesome_nested_set (~> 3.3, >= 3.3.1)
      benchmark
      cancancan (~> 3.2)
      carmen (>= 1.0)
      countries
      friendly_id (~> 5.2, >= 5.2.1)
      friendly_id-mobility (~> 1.0)
      geocoder
      highline (>= 2, < 4)
      image_processing (~> 1.2)
      mobility (~> 1.3, >= 1.3.2)
      mobility-actiontext (~> 1.1)
      mobility-ransack (~> 1.2)
      monetize (~> 1.9)
      money (~> 6.13)
      name_of_person (~> 1.1)
      ostruct
      paranoia (>= 2.4)
      phonelib (~> 0.10)
      rails (>= 7.2, < 8.2)
      ransack (>= 4.1)
      request_store (~> 1.7)
      rexml
      ruby-oembed (~> 0.18)
      safely_block (~> 0.4)
      ssrf_filter (~> 1.0)
      state_machines-activemodel (~> 0.100)
      state_machines-activerecord (~> 0.100)
      stringex
      tracking_number
      validates_zipcode
      wannabe_bool
    sqlite3 (1.4.4)
    ssrf_filter (1.3.0)
    state_machines (0.101.0)
    state_machines-activemodel (0.102.0)
      activemodel (>= 7.2)
      state_machines (>= 0.101.0)
    state_machines-activerecord (0.103.0)
      activerecord (>= 7.2)
      state_machines-activemodel (>= 0.102.0)
    stringex (2.8.6)
    stringio (3.1.7)
    thor (1.3.2)
    timeout (0.4.3)
    tracking_number (2.4.0)
      activesupport (>= 4.2.5)
      json (>= 1.8.3)
    tsort (0.2.0)
    tzinfo (2.0.6)
      concurrent-ruby (~> 1.0)
    unaccent (0.4.0)
    unicode-display_width (3.2.0)
      unicode-emoji (~> 4.1)
    unicode-emoji (4.2.0)
    uri (1.1.1)
    useragent (0.16.11)
    validates_zipcode (0.6.0)
      activemodel (>= 4.2.0)
    wannabe_bool (0.7.1)
    webmock (3.25.1)
      addressable (>= 2.8.0)
      crack (>= 0.3.2)
      hashdiff (>= 0.4.0, < 2.0.0)
    websocket-driver (0.8.0)
      base64
      websocket-extensions (>= 0.1.0)
    websocket-extensions (0.1.5)
    xpath (3.2.0)
      nokogiri (~> 1.8)
    yaml (0.4.0)
    zeitwerk (2.7.3)

PLATFORMS
  aarch64-linux-gnu
  aarch64-linux-musl
  arm-linux-gnu
  arm-linux-musl
  arm64-darwin
  x86_64-darwin
  x86_64-linux-gnu
  x86_64-linux-musl

DEPENDENCIES
  capybara (~> 3.38)
  database_cleaner-active_record (~> 2.0)
  elastic-apm (~> 4.8.0)
  factory_bot_rails (~> 6.2.0)
  ffaker (~> 2.23)
  pry (~> 0.14.1)
  pry-byebug (~> 3.10)
  rails (~> 8.1.2)
  rspec (~> 3.10)
  rspec-rails (~> 6.0.0)
  rubocop (~> 1.58)
  rubocop-performance (~> 1.19)
  rubocop-rails (~> 2.20)
  rubocop-rspec (~> 2.25)
  spree (>= 5.0, < 6.0)
  spree_ipay!
  sqlite3 (~> 1.4.0)
  webmock (~> 3.18)

RUBY VERSION
   ruby 4.0.1p0

BUNDLED WITH
   2.5.22
